
Microsoft Visual Studio Solution File, Format Version 12.00
# Visual Studio 2012
Project("{FAE04EC0-301F-11D3-BF4B-00C04F79EFBC}") = "PedidoPizza", "PedidoPizza\PedidoPizza.csproj", "{C13F306C-60FF-455E-A097-B7CE8B55D94A}"
EndProject
Global
	GlobalSection(SolutionConfigurationPlatforms) = preSolution
		Debug|x86 = Debug|x86
		Release|x86 = Release|x86
	EndGlobalSection
	GlobalSection(ProjectConfigurationPlatforms) = postSolution
		{C13F306C-60FF-455E-A097-B7CE8B55D94A}.Debug|x86.ActiveCfg = Debug|x86
		{C13F306C-60FF-455E-A097-B7CE8B55D94A}.Debug|x86.Build.0 = Debug|x86
		{C13F306C-60FF-455E-A097-B7CE8B55D94A}.Release|x86.ActiveCfg = Release|x86
		{C13F306C-60FF-455E-A097-B7CE8B55D94A}.Release|x86.Build.0 = Release|x86
	EndGlobalSection
EndGlobal
